
Microsoft Visual Studio Solution File, Format Version 12.00
# Visual Studio 15
VisualStudioVersion = 15.0.28307.572
MinimumVisualStudioVersion = 10.0.40219.1
Project("{159641D6-6404-4A2A-AE62-294DE0FE8301}") = "airport", "airport\airport.dtproj", "{8050BB84-11AA-4974-8443-B61C7486EFBE}"
EndProject
Global
	GlobalSection(SolutionConfigurationPlatforms) = preSolution
		Development|Default = Development|Default
	EndGlobalSection
	GlobalSection(ProjectConfigurationPlatforms) = postSolution
		{8050BB84-11AA-4974-8443-B61C7486EFBE}.Development|Default.ActiveCfg = Development
		{8050BB84-11AA-4974-8443-B61C7486EFBE}.Development|Default.Build.0 = Development
	EndGlobalSection
	GlobalSection(SolutionProperties) = preSolution
		HideSolutionNode = FALSE
	EndGlobalSection
	GlobalSection(ExtensibilityGlobals) = postSolution
		SolutionGuid = {A99E4495-DAFF-45E7-97FE-82C76A755A4B}
	EndGlobalSection
EndGlobal
